# Code generated by scarb DO NOT EDIT.
version = 1

[[package]]
name = "alexandria_math"
version = "0.5.1"
source = "git+https://github.com/keep-starknet-strange/alexandria.git?rev=c804e98#c804e98e6e9dc1677906bd65d44470615e42dabf"

[[package]]
name = "snforge_scarb_plugin"
version = "0.46.0"
source = "git+https://github.com/foundry-rs/starknet-foundry?tag=v0.46.0#8586208d79496a1ccca23b9211e4f6ac910a8070"

[[package]]
name = "snforge_std"
version = "0.46.0"
source = "git+https://github.com/foundry-rs/starknet-foundry?tag=v0.46.0#8586208d79496a1ccca23b9211e4f6ac910a8070"
dependencies = [
 "snforge_scarb_plugin",
]

[[package]]
name = "vesu"
version = "0.1.0"
dependencies = [
 "alexandria_math",
 "snforge_std",
]
